
Microsoft Visual Studio Solution File, Format Version 12.00
# Visual Studio 2013
VisualStudioVersion = 12.0.31101.0
MinimumVisualStudioVersion = 10.0.40219.1
Project("{FAE04EC0-301F-11D3-BF4B-00C04F79EFBC}") = "Test.Wpf", "Test.Wpf\Test.Wpf.csproj", "{67C27343-0196-43EF-A774-C36A67B39D8D}"
EndProject
Project("{F088123C-0E9E-452A-89E6-6BA2F21D5CAC}") = "StateMachineModelingProject", "StateMachineModelingProject\StateMachineModelingProject.modelproj", "{0294AC13-446A-4048-ADF0-C3E7EDE23180}"
EndProject
Project("{FAE04EC0-301F-11D3-BF4B-00C04F79EFBC}") = "Test.Web", "Test.Web\Test.Web.csproj", "{A1103638-97D5-43F2-B2C0-4F3FE1089F8C}"
EndProject
Global
	GlobalSection(SolutionConfigurationPlatforms) = preSolution
		Debug|Any CPU = Debug|Any CPU
		Release|Any CPU = Release|Any CPU
	EndGlobalSection
	GlobalSection(ProjectConfigurationPlatforms) = postSolution
		{67C27343-0196-43EF-A774-C36A67B39D8D}.Debug|Any CPU.ActiveCfg = Debug|Any CPU
		{67C27343-0196-43EF-A774-C36A67B39D8D}.Debug|Any CPU.Build.0 = Debug|Any CPU
		{67C27343-0196-43EF-A774-C36A67B39D8D}.Release|Any CPU.ActiveCfg = Release|Any CPU
		{67C27343-0196-43EF-A774-C36A67B39D8D}.Release|Any CPU.Build.0 = Release|Any CPU
		{0294AC13-446A-4048-ADF0-C3E7EDE23180}.Debug|Any CPU.ActiveCfg = Debug|Any CPU
		{0294AC13-446A-4048-ADF0-C3E7EDE23180}.Debug|Any CPU.Build.0 = Debug|Any CPU
		{0294AC13-446A-4048-ADF0-C3E7EDE23180}.Release|Any CPU.ActiveCfg = Release|Any CPU
		{0294AC13-446A-4048-ADF0-C3E7EDE23180}.Release|Any CPU.Build.0 = Release|Any CPU
		{A1103638-97D5-43F2-B2C0-4F3FE1089F8C}.Debug|Any CPU.ActiveCfg = Debug|Any CPU
		{A1103638-97D5-43F2-B2C0-4F3FE1089F8C}.Debug|Any CPU.Build.0 = Debug|Any CPU
		{A1103638-97D5-43F2-B2C0-4F3FE1089F8C}.Release|Any CPU.ActiveCfg = Release|Any CPU
		{A1103638-97D5-43F2-B2C0-4F3FE1089F8C}.Release|Any CPU.Build.0 = Release|Any CPU
	EndGlobalSection
	GlobalSection(SolutionProperties) = preSolution
		HideSolutionNode = FALSE
	EndGlobalSection
EndGlobal
